{
  "name": "play",
  "version": "1.0.0",
  "lockfileVersion": 1,
  "requires": true,
  "dependencies": {
    "encoding-japanese": {
      "version": "1.0.30",
      "resolved": "https://registry.npmjs.org/encoding-japanese/-/encoding-japanese-1.0.30.tgz",
      "integrity": "sha512-bd/DFLAoJetvv7ar/KIpE3CNO8wEuyrt9Xuw6nSMiZ+Vrz/Q21BPsMHvARL2Wz6IKHKXgb+DWZqtRg1vql9cBg=="
    },
    "iconv-lite": {
      "version": "0.6.2",
      "resolved": "https://registry.npmjs.org/iconv-lite/-/iconv-lite-0.6.2.tgz",
      "integrity": "sha512-2y91h5OpQlolefMPmUlivelittSWy0rP+oYVpn6A7GwVHNE8AWzoYOBNmlwks3LobaJxgHCYZAnyNo2GgpNRNQ==",
      "requires": {
        "safer-buffer": ">= 2.1.2 < 3.0.0"
      }
    },
    "libbase64": {
      "version": "1.2.1",
      "resolved": "https://registry.npmjs.org/libbase64/-/libbase64-1.2.1.tgz",
      "integrity": "sha512-l+nePcPbIG1fNlqMzrh68MLkX/gTxk/+vdvAb388Ssi7UuUN31MI44w4Yf33mM3Cm4xDfw48mdf3rkdHszLNew=="
    },
    "libmime": {
      "version": "5.0.0",
      "resolved": "https://registry.npmjs.org/libmime/-/libmime-5.0.0.tgz",
      "integrity": "sha512-2Bm96d5ktnE217Ib1FldvUaPAaOst6GtZrsxJCwnJgi9lnsoAKIHyU0sae8rNx6DNYbjdqqh8lv5/b9poD8qOg==",
      "requires": {
        "encoding-japanese": "1.0.30",
        "iconv-lite": "0.6.2",
        "libbase64": "1.2.1",
        "libqp": "1.1.0"
      }
    },
    "libqp": {
      "version": "1.1.0",
      "resolved": "https://registry.npmjs.org/libqp/-/libqp-1.1.0.tgz",
      "integrity": "sha1-9ebgatdLeU+1tbZpiL9yjvHe2+g="
    },
    "moment": {
      "version": "2.29.1",
      "resolved": "https://registry.npmjs.org/moment/-/moment-2.29.1.tgz",
      "integrity": "sha512-kHmoybcPV8Sqy59DwNDY3Jefr64lK/by/da0ViFcuA4DH0vQg5Q6Ze5VimxkfQNSC+Mls/Kx53s7TjP1RhFEDQ=="
    },
    "moment-timezone": {
      "version": "0.5.33",
      "resolved": "https://registry.npmjs.org/moment-timezone/-/moment-timezone-0.5.33.tgz",
      "integrity": "sha512-PTc2vcT8K9J5/9rDEPe5czSIKgLoGsH8UNpA4qZTVw0Vd/Uz19geE9abbIOQKaAQFcnQ3v5YEXrbSc5BpshH+w==",
      "requires": {
        "moment": ">= 2.9.0"
      }
    },
    "safer-buffer": {
      "version": "2.1.2",
      "resolved": "https://registry.npmjs.org/safer-buffer/-/safer-buffer-2.1.2.tgz",
      "integrity": "sha512-YZo3K82SD7Riyi0E1EQPojLz7kpepnSQI9IyPbHHg1XXXevb5dJI7tpyN2ADxGcQbHG7vcyRHk0cbwqcQriUtg=="
    }
  }
}
